
Microsoft Visual Studio Solution File, Format Version 12.00
# Visual Studio Version 16
VisualStudioVersion = 16.0.29025.244
MinimumVisualStudioVersion = 10.0.40219.1
Project("{8BC9CEB8-8B4A-11D0-8D11-00A0C91BC942}") = "KiosDB", "KiosDB.vcxproj", "{C927A640-35DD-4D5B-BE05-98530667F6A7}"
EndProject
Global
	GlobalSection(SolutionConfigurationPlatforms) = preSolution
		Debug|x64 = Debug|x64
		Debug|x86 = Debug|x86
		Release|x64 = Release|x64
		Release|x86 = Release|x86
	EndGlobalSection
	GlobalSection(ProjectConfigurationPlatforms) = postSolution
		{C927A640-35DD-4D5B-BE05-98530667F6A7}.Debug|x64.ActiveCfg = Debug|x64
		{C927A640-35DD-4D5B-BE05-98530667F6A7}.Debug|x64.Build.0 = Debug|x64
		{C927A640-35DD-4D5B-BE05-98530667F6A7}.Debug|x86.ActiveCfg = Debug|Win32
		{C927A640-35DD-4D5B-BE05-98530667F6A7}.Debug|x86.Build.0 = Debug|Win32
		{C927A640-35DD-4D5B-BE05-98530667F6A7}.Release|x64.ActiveCfg = Release|x64
		{C927A640-35DD-4D5B-BE05-98530667F6A7}.Release|x64.Build.0 = Release|x64
		{C927A640-35DD-4D5B-BE05-98530667F6A7}.Release|x86.ActiveCfg = Release|Win32
		{C927A640-35DD-4D5B-BE05-98530667F6A7}.Release|x86.Build.0 = Release|Win32
	EndGlobalSection
	GlobalSection(SolutionProperties) = preSolution
		HideSolutionNode = FALSE
	EndGlobalSection
	GlobalSection(ExtensibilityGlobals) = postSolution
		SolutionGuid = {5FE0D02D-ED34-4FDE-85FE-94CBEECECBA0}
	EndGlobalSection
EndGlobal
